// !$*UTF8*$!
{
	archiveVersion = 1;
	classes = {
	};
	objectVersion = 56;
	objects = {

/* Begin PBXBuildFile section */
		518284F728FBF4CC006BBA11 /* AppDelegate.swift in Sources */ = {isa = PBXBuildFile; fileRef = 518284F628FBF4CC006BBA11 /* AppDelegate.swift */; };
		518284F928FBF4CC006BBA11 /* SceneDelegate.swift in Sources */ = {isa = PBXBuildFile; fileRef = 518284F828FBF4CC006BBA11 /* SceneDelegate.swift */; };
		518284FB28FBF4CC006BBA11 /* ViewController.swift in Sources */ = {isa = PBXBuildFile; fileRef = 518284FA28FBF4CC006BBA11 /* ViewController.swift */; };
		518284FE28FBF4CC006BBA11 /* Main.storyboard in Resources */ = {isa = PBXBuildFile; fileRef = 518284FC28FBF4CC006BBA11 /* Main.storyboard */; };
		5182850028FBF4CD006BBA11 /* Assets.xcassets in Resources */ = {isa = PBXBuildFile; fileRef = 518284FF28FBF4CD006BBA11 /* Assets.xcassets */; };
		5182850328FBF4CD006BBA11 /* LaunchScreen.storyboard in Resources */ = {isa = PBXBuildFile; fileRef = 5182850128FBF4CD006BBA11 /* LaunchScreen.storyboard */; };
		5182850E28FBF4CD006BBA11 /* PandaTests.swift in Sources */ = {isa = PBXBuildFile; fileRef = 5182850D28FBF4CD006BBA11 /* PandaTests.swift */; };
		5182851828FBF4CD006BBA11 /* PandaUITests.swift in Sources */ = {isa = PBXBuildFile; fileRef = 5182851728FBF4CD006BBA11 /* PandaUITests.swift */; };
		5182851A28FBF4CD006BBA11 /* PandaUITestsLaunchTests.swift in Sources */ = {isa = PBXBuildFile; fileRef = 5182851928FBF4CD006BBA11 /* PandaUITestsLaunchTests.swift */; };
/* End PBXBuildFile section */

/* Begin PBXContainerItemProxy section */
		5182850A28FBF4CD006BBA11 /* PBXContainerItemProxy */ = {
			isa = PBXContainerItemProxy;
			containerPortal = 518284EB28FBF4CC006BBA11 /* Project object */;
			proxyType = 1;
			remoteGlobalIDString = 518284F228FBF4CC006BBA11;
			remoteInfo = Panda;
		};
		5182851428FBF4CD006BBA11 /* PBXContainerItemProxy */ = {
			isa = PBXContainerItemProxy;
			containerPortal = 518284EB28FBF4CC006BBA11 /* Project object */;
			proxyType = 1;
			remoteGlobalIDString = 518284F228FBF4CC006BBA11;
			remoteInfo = Panda;
		};
/* End PBXContainerItemProxy section */

/* Begin PBXFileReference section */
		518284F328FBF4CC006BBA11 /* Panda.app */ = {isa = PBXFileReference; explicitFileType = wrapper.application; includeInIndex = 0; path = Panda.app; sourceTree = BUILT_PRODUCTS_DIR; };
		518284F628FBF4CC006BBA11 /* AppDelegate.swift */ = {isa = PBXFileReference; lastKnownFileType = sourcecode.swift; path = AppDelegate.swift; sourceTree = "<group>"; };
		518284F828FBF4CC006BBA11 /* SceneDelegate.swift */ = {isa = PBXFileReference; lastKnownFileType = sourcecode.swift; path = SceneDelegate.swift; sourceTree = "<group>"; };
		518284FA28FBF4CC006BBA11 /* ViewController.swift */ = {isa = PBXFileReference; lastKnownFileType = sourcecode.swift; path = ViewController.swift; sourceTree = "<group>"; };
		518284FD28FBF4CC006BBA11 /* Base */ = {isa = PBXFileReference; lastKnownFileType = file.storyboard; name = Base; path = Base.lproj/Main.storyboard; sourceTree = "<group>"; };
		518284FF28FBF4CD006BBA11 /* Assets.xcassets */ = {isa = PBXFileReference; lastKnownFileType = folder.assetcatalog; path = Assets.xcassets; sourceTree = "<group>"; };
		5182850228FBF4CD006BBA11 /* Base */ = {isa = PBXFileReference; lastKnownFileType = file.storyboard; name = Base; path = Base.lproj/LaunchScreen.storyboard; sourceTree = "<group>"; };
		5182850428FBF4CD006BBA11 /* Info.plist */ = {isa = PBXFileReference; lastKnownFileType = text.plist.xml; path = Info.plist; sourceTree = "<group>"; };
		5182850928FBF4CD006BBA11 /* PandaTests.xctest */ = {isa = PBXFileReference; explicitFileType = wrapper.cfbundle; includeInIndex = 0; path = PandaTests.xctest; sourceTree = BUILT_PRODUCTS_DIR; };
		5182850D28FBF4CD006BBA11 /* PandaTests.swift */ = {isa = PBXFileReference; lastKnownFileType = sourcecode.swift; path = PandaTests.swift; sourceTree = "<group>"; };
		5182851328FBF4CD006BBA11 /* PandaUITests.xctest */ = {isa = PBXFileReference; explicitFileType = wrapper.cfbundle; includeInIndex = 0; path = PandaUITests.xctest; sourceTree = BUILT_PRODUCTS_DIR; };
		5182851728FBF4CD006BBA11 /* PandaUITests.swift */ = {isa = PBXFileReference; lastKnownFileType = sourcecode.swift; path = PandaUITests.swift; sourceTree = "<group>"; };
		5182851928FBF4CD006BBA11 /* PandaUITestsLaunchTests.swift */ = {isa = PBXFileReference; lastKnownFileType = sourcecode.swift; path = PandaUITestsLaunchTests.swift; sourceTree = "<group>"; };
/* End PBXFileReference section */

/* Begin PBXFrameworksBuildPhase section */
		518284F028FBF4CC006BBA11 /* Frameworks */ = {
			isa = PBXFrameworksBuildPhase;
			buildActionMask = 2147483647;
			files = (
			);
			runOnlyForDeploymentPostprocessing = 0;
		};
		5182850628FBF4CD006BBA11 /* Frameworks */ = {
			isa = PBXFrameworksBuildPhase;
			buildActionMask = 2147483647;
			files = (
			);
			runOnlyForDeploymentPostprocessing = 0;
		};
		5182851028FBF4CD006BBA11 /* Frameworks */ = {
			isa = PBXFrameworksBuildPhase;
			buildActionMask = 2147483647;
			files = (
			);
			runOnlyForDeploymentPostprocessing = 0;
		};
/* End PBXFrameworksBuildPhase section */

/* Begin PBXGroup section */
		518284EA28FBF4CC006BBA11 = {
			isa = PBXGroup;
			children = (
				518284F528FBF4CC006BBA11 /* Panda */,
				5182850C28FBF4CD006BBA11 /* PandaTests */,
				5182851628FBF4CD006BBA11 /* PandaUITests */,
				518284F428FBF4CC006BBA11 /* Products */,
			);
			sourceTree = "<group>";
		};
		518284F428FBF4CC006BBA11 /* Products */ = {
			isa = PBXGroup;
			children = (
				518284F328FBF4CC006BBA11 /* Panda.app */,
				5182850928FBF4CD006BBA11 /* PandaTests.xctest */,
				5182851328FBF4CD006BBA11 /* PandaUITests.xctest */,
			);
			name = Products;
			sourceTree = "<group>";
		};
		518284F528FBF4CC006BBA11 /* Panda */ = {
			isa = PBXGroup;
			children = (
				518284F628FBF4CC006BBA11 /* AppDelegate.swift */,
				518284F828FBF4CC006BBA11 /* SceneDelegate.swift */,
				518284FA28FBF4CC006BBA11 /* ViewController.swift */,
				518284FC28FBF4CC006BBA11 /* Main.storyboard */,
				518284FF28FBF4CD006BBA11 /* Assets.xcassets */,
				5182850128FBF4CD006BBA11 /* LaunchScreen.storyboard */,
				5182850428FBF4CD006BBA11 /* Info.plist */,
			);
			path = Panda;
			sourceTree = "<group>";
		};
		5182850C28FBF4CD006BBA11 /* PandaTests */ = {
			isa = PBXGroup;
			children = (
				5182850D28FBF4CD006BBA11 /* PandaTests.swift */,
			);
			path = PandaTests;
			sourceTree = "<group>";
		};
		5182851628FBF4CD006BBA11 /* PandaUITests */ = {
			isa = PBXGroup;
			children = (
				5182851728FBF4CD006BBA11 /* PandaUITests.swift */,
				5182851928FBF4CD006BBA11 /* PandaUITestsLaunchTests.swift */,
			);
			path = PandaUITests;
			sourceTree = "<group>";
		};
/* End PBXGroup section */

/* Begin PBXNativeTarget section */
		518284F228FBF4CC006BBA11 /* Panda */ = {
			isa = PBXNativeTarget;
			buildConfigurationList = 5182851D28FBF4CD006BBA11 /* Build configuration list for PBXNativeTarget "Panda" */;
			buildPhases = (
				518284EF28FBF4CC006BBA11 /* Sources */,
				518284F028FBF4CC006BBA11 /* Frameworks */,
				518284F128FBF4CC006BBA11 /* Resources */,
			);
			buildRules = (
			);
			dependencies = (
			);
			name = Panda;
			productName = Panda;
			productReference = 518284F328FBF4CC006BBA11 /* Panda.app */;
			productType = "com.apple.product-type.application";
		};
		5182850828FBF4CD006BBA11 /* PandaTests */ = {
			isa = PBXNativeTarget;
			buildConfigurationList = 5182852028FBF4CD006BBA11 /* Build configuration list for PBXNativeTarget "PandaTests" */;
			buildPhases = (
				5182850528FBF4CD006BBA11 /* Sources */,
				5182850628FBF4CD006BBA11 /* Frameworks */,
				5182850728FBF4CD006BBA11 /* Resources */,
			);
			buildRules = (
			);
			dependencies = (
				5182850B28FBF4CD006BBA11 /* PBXTargetDependency */,
			);
			name = PandaTests;
			productName = PandaTests;
			productReference = 5182850928FBF4CD006BBA11 /* PandaTests.xctest */;
			productType = "com.apple.product-type.bundle.unit-test";
		};
		5182851228FBF4CD006BBA11 /* PandaUITests */ = {
			isa = PBXNativeTarget;
			buildConfigurationList = 5182852328FBF4CD006BBA11 /* Build configuration list for PBXNativeTarget "PandaUITests" */;
			buildPhases = (
				5182850F28FBF4CD006BBA11 /* Sources */,
				5182851028FBF4CD006BBA11 /* Frameworks */,
				5182851128FBF4CD006BBA11 /* Resources */,
			);
			buildRules = (
			);
			dependencies = (
				5182851528FBF4CD006BBA11 /* PBXTargetDependency */,
			);
			name = PandaUITests;
			productName = PandaUITests;
			productReference = 5182851328FBF4CD006BBA11 /* PandaUITests.xctest */;
			productType = "com.apple.product-type.bundle.ui-testing";
		};
/* End PBXNativeTarget section */

/* Begin PBXProject section */
		518284EB28FBF4CC006BBA11 /* Project object */ = {
			isa = PBXProject;
			attributes = {
				BuildIndependentTargetsInParallel = 1;
				LastSwiftUpdateCheck = 1400;
				LastUpgradeCheck = 1400;
				TargetAttributes = {
					518284F228FBF4CC006BBA11 = {
						CreatedOnToolsVersion = 14.0.1;
					};
					5182850828FBF4CD006BBA11 = {
						CreatedOnToolsVersion = 14.0.1;
						TestTargetID = 518284F228FBF4CC006BBA11;
					};
					5182851228FBF4CD006BBA11 = {
						CreatedOnToolsVersion = 14.0.1;
						TestTargetID = 518284F228FBF4CC006BBA11;
					};
				};
			};
			buildConfigurationList = 518284EE28FBF4CC006BBA11 /* Build configuration list for PBXProject "Panda" */;
			compatibilityVersion = "Xcode 14.0";
			developmentRegion = en;
			hasScannedForEncodings = 0;
			knownRegions = (
				en,
				Base,
			);
			mainGroup = 518284EA28FBF4CC006BBA11;
			productRefGroup = 518284F428FBF4CC006BBA11 /* Products */;
			projectDirPath = "";
			projectRoot = "";
			targets = (
				518284F228FBF4CC006BBA11 /* Panda */,
				5182850828FBF4CD006BBA11 /* PandaTests */,
				5182851228FBF4CD006BBA11 /* PandaUITests */,
			);
		};
/* End PBXProject section */

/* Begin PBXResourcesBuildPhase section */
		518284F128FBF4CC006BBA11 /* Resources */ = {
			isa = PBXResourcesBuildPhase;
			buildActionMask = 2147483647;
			files = (
				5182850328FBF4CD006BBA11 /* LaunchScreen.storyboard in Resources */,
				5182850028FBF4CD006BBA11 /* Assets.xcassets in Resources */,
				518284FE28FBF4CC006BBA11 /* Main.storyboard in Resources */,
			);
			runOnlyForDeploymentPostprocessing = 0;
		};
		5182850728FBF4CD006BBA11 /* Resources */ = {
			isa = PBXResourcesBuildPhase;
			buildActionMask = 2147483647;
			files = (
			);
			runOnlyForDeploymentPostprocessing = 0;
		};
		5182851128FBF4CD006BBA11 /* Resources */ = {
			isa = PBXResourcesBuildPhase;
			buildActionMask = 2147483647;
			files = (
			);
			runOnlyForDeploymentPostprocessing = 0;
		};
/* End PBXResourcesBuildPhase section */

/* Begin PBXSourcesBuildPhase section */
		518284EF28FBF4CC006BBA11 /* Sources */ = {
			isa = PBXSourcesBuildPhase;
			buildActionMask = 2147483647;
			files = (
				518284FB28FBF4CC006BBA11 /* ViewController.swift in Sources */,
				518284F728FBF4CC006BBA11 /* AppDelegate.swift in Sources */,
				518284F928FBF4CC006BBA11 /* SceneDelegate.swift in Sources */,
			);
			runOnlyForDeploymentPostprocessing = 0;
		};
		5182850528FBF4CD006BBA11 /* Sources */ = {
			isa = PBXSourcesBuildPhase;
			buildActionMask = 2147483647;
			files = (
				5182850E28FBF4CD006BBA11 /* PandaTests.swift in Sources */,
			);
			runOnlyForDeploymentPostprocessing = 0;
		};
		5182850F28FBF4CD006BBA11 /* Sources */ = {
			isa = PBXSourcesBuildPhase;
			buildActionMask = 2147483647;
			files = (
				5182851828FBF4CD006BBA11 /* PandaUITests.swift in Sources */,
				5182851A28FBF4CD006BBA11 /* PandaUITestsLaunchTests.swift in Sources */,
			);
			runOnlyForDeploymentPostprocessing = 0;
		};
/* End PBXSourcesBuildPhase section */

/* Begin PBXTargetDependency section */
		5182850B28FBF4CD006BBA11 /* PBXTargetDependency */ = {
			isa = PBXTargetDependency;
			target = 518284F228FBF4CC006BBA11 /* Panda */;
			targetProxy = 5182850A28FBF4CD006BBA11 /* PBXContainerItemProxy */;
		};
		5182851528FBF4CD006BBA11 /* PBXTargetDependency */ = {
			isa = PBXTargetDependency;
			target = 518284F228FBF4CC006BBA11 /* Panda */;
			targetProxy = 5182851428FBF4CD006BBA11 /* PBXContainerItemProxy */;
		};
/* End PBXTargetDependency section */

/* Begin PBXVariantGroup section */
		518284FC28FBF4CC006BBA11 /* Main.storyboard */ = {
			isa = PBXVariantGroup;
			children = (
				518284FD28FBF4CC006BBA11 /* Base */,
			);
			name = Main.storyboard;
			sourceTree = "<group>";
		};
		5182850128FBF4CD006BBA11 /* LaunchScreen.storyboard */ = {
			isa = PBXVariantGroup;
			children = (
				5182850228FBF4CD006BBA11 /* Base */,
			);
			name = LaunchScreen.storyboard;
			sourceTree = "<group>";
		};
/* End PBXVariantGroup section */

/* Begin XCBuildConfiguration section */
		5182851B28FBF4CD006BBA11 /* Debug */ = {
			isa = XCBuildConfiguration;
			buildSettings = {
				ALWAYS_SEARCH_USER_PATHS = NO;
				CLANG_ANALYZER_NONNULL = YES;
				CLANG_ANALYZER_NUMBER_OBJECT_CONVERSION = YES_AGGRESSIVE;
				CLANG_CXX_LANGUAGE_STANDARD = "gnu++20";
				CLANG_ENABLE_MODULES = YES;
				CLANG_ENABLE_OBJC_ARC = YES;
				CLANG_ENABLE_OBJC_WEAK = YES;
				CLANG_WARN_BLOCK_CAPTURE_AUTORELEASING = YES;
				CLANG_WARN_BOOL_CONVERSION = YES;
				CLANG_WARN_COMMA = YES;
				CLANG_WARN_CONSTANT_CONVERSION = YES;
				CLANG_WARN_DEPRECATED_OBJC_IMPLEMENTATIONS = YES;
				CLANG_WARN_DIRECT_OBJC_ISA_USAGE = YES_ERROR;
				CLANG_WARN_DOCUMENTATION_COMMENTS = YES;
				CLANG_WARN_EMPTY_BODY = YES;
				CLANG_WARN_ENUM_CONVERSION = YES;
				CLANG_WARN_INFINITE_RECURSION = YES;
				CLANG_WARN_INT_CONVERSION = YES;
				CLANG_WARN_NON_LITERAL_NULL_CONVERSION = YES;
				CLANG_WARN_OBJC_IMPLICIT_RETAIN_SELF = YES;
				CLANG_WARN_OBJC_LITERAL_CONVERSION = YES;
				CLANG_WARN_OBJC_ROOT_CLASS = YES_ERROR;
				CLANG_WARN_QUOTED_INCLUDE_IN_FRAMEWORK_HEADER = YES;
				CLANG_WARN_RANGE_LOOP_ANALYSIS = YES;
				CLANG_WARN_STRICT_PROTOTYPES = YES;
				CLANG_WARN_SUSPICIOUS_MOVE = YES;
				CLANG_WARN_UNGUARDED_AVAILABILITY = YES_AGGRESSIVE;
				CLANG_WARN_UNREACHABLE_CODE = YES;
				CLANG_WARN__DUPLICATE_METHOD_MATCH = YES;
				COPY_PHASE_STRIP = NO;
				DEBUG_INFORMATION_FORMAT = dwarf;
				ENABLE_STRICT_OBJC_MSGSEND = YES;
				ENABLE_TESTABILITY = YES;
				GCC_C_LANGUAGE_STANDARD = gnu11;
				GCC_DYNAMIC_NO_PIC = NO;
				GCC_NO_COMMON_BLOCKS = YES;
				GCC_OPTIMIZATION_LEVEL = 0;
				GCC_PREPROCESSOR_DEFINITIONS = (
					"DEBUG=1",
					"$(inherited)",
				);
				GCC_WARN_64_TO_32_BIT_CONVERSION = YES;
				GCC_WARN_ABOUT_RETURN_TYPE = YES_ERROR;
				GCC_WARN_UNDECLARED_SELECTOR = YES;
				GCC_WARN_UNINITIALIZED_AUTOS = YES_AGGRESSIVE;
				GCC_WARN_UNUSED_FUNCTION = YES;
				GCC_WARN_UNUSED_VARIABLE = YES;
				IPHONEOS_DEPLOYMENT_TARGET = 16.0;
				MTL_ENABLE_DEBUG_INFO = INCLUDE_SOURCE;
				MTL_FAST_MATH = YES;
				ONLY_ACTIVE_ARCH = YES;
				SDKROOT = iphoneos;
				SWIFT_ACTIVE_COMPILATION_CONDITIONS = DEBUG;
				SWIFT_OPTIMIZATION_LEVEL = "-Onone";
			};
			name = Debug;
		};
		5182851C28FBF4CD006BBA11 /* Release */ = {
			isa = XCBuildConfiguration;
			buildSettings = {
				ALWAYS_SEARCH_USER_PATHS = NO;
				CLANG_ANALYZER_NONNULL = YES;
				CLANG_ANALYZER_NUMBER_OBJECT_CONVERSION = YES_AGGRESSIVE;
				CLANG_CXX_LANGUAGE_STANDARD = "gnu++20";
				CLANG_ENABLE_MODULES = YES;
				CLANG_ENABLE_OBJC_ARC = YES;
				CLANG_ENABLE_OBJC_WEAK = YES;
				CLANG_WARN_BLOCK_CAPTURE_AUTORELEASING = YES;
				CLANG_WARN_BOOL_CONVERSION = YES;
				CLANG_WARN_COMMA = YES;
				CLANG_WARN_CONSTANT_CONVERSION = YES;
				CLANG_WARN_DEPRECATED_OBJC_IMPLEMENTATIONS = YES;
				CLANG_WARN_DIRECT_OBJC_ISA_USAGE = YES_ERROR;
				CLANG_WARN_DOCUMENTATION_COMMENTS = YES;
				CLANG_WARN_EMPTY_BODY = YES;
				CLANG_WARN_ENUM_CONVERSION = YES;
				CLANG_WARN_INFINITE_RECURSION = YES;
				CLANG_WARN_INT_CONVERSION = YES;
				CLANG_WARN_NON_LITERAL_NULL_CONVERSION = YES;
				CLANG_WARN_OBJC_IMPLICIT_RETAIN_SELF = YES;
				CLANG_WARN_OBJC_LITERAL_CONVERSION = YES;
				CLANG_WARN_OBJC_ROOT_CLASS = YES_ERROR;
				CLANG_WARN_QUOTED_INCLUDE_IN_FRAMEWORK_HEADER = YES;
				CLANG_WARN_RANGE_LOOP_ANALYSIS = YES;
				CLANG_WARN_STRICT_PROTOTYPES = YES;
				CLANG_WARN_SUSPICIOUS_MOVE = YES;
				CLANG_WARN_UNGUARDED_AVAILABILITY = YES_AGGRESSIVE;
				CLANG_WARN_UNREACHABLE_CODE = YES;
				CLANG_WARN__DUPLICATE_METHOD_MATCH = YES;
				COPY_PHASE_STRIP = NO;
				DEBUG_INFORMATION_FORMAT = "dwarf-with-dsym";
				ENABLE_NS_ASSERTIONS = NO;
				ENABLE_STRICT_OBJC_MSGSEND = YES;
				GCC_C_LANGUAGE_STANDARD = gnu11;
				GCC_NO_COMMON_BLOCKS = YES;
				GCC_WARN_64_TO_32_BIT_CONVERSION = YES;
				GCC_WARN_ABOUT_RETURN_TYPE = YES_ERROR;
				GCC_WARN_UNDECLARED_SELECTOR = YES;
				GCC_WARN_UNINITIALIZED_AUTOS = YES_AGGRESSIVE;
				GCC_WARN_UNUSED_FUNCTION = YES;
				GCC_WARN_UNUSED_VARIABLE = YES;
				IPHONEOS_DEPLOYMENT_TARGET = 16.0;
				MTL_ENABLE_DEBUG_INFO = NO;
				MTL_FAST_MATH = YES;
				SDKROOT = iphoneos;
				SWIFT_COMPILATION_MODE = wholemodule;
				SWIFT_OPTIMIZATION_LEVEL = "-O";
				VALIDATE_PRODUCT = YES;
			};
			name = Release;
		};
		5182851E28FBF4CD006BBA11 /* Debug */ = {
			isa = XCBuildConfiguration;
			buildSettings = {
				ASSETCATALOG_COMPILER_APPICON_NAME = AppIcon;
				ASSETCATALOG_COMPILER_GLOBAL_ACCENT_COLOR_NAME = AccentColor;
				CODE_SIGN_STYLE = Automatic;
				CURRENT_PROJECT_VERSION = 1;
				DEVELOPMENT_TEAM = RRX4QSNXBA;
				GENERATE_INFOPLIST_FILE = YES;
				INFOPLIST_FILE = Panda/Info.plist;
				INFOPLIST_KEY_UIApplicationSupportsIndirectInputEvents = YES;
				INFOPLIST_KEY_UILaunchStoryboardName = LaunchScreen;
				INFOPLIST_KEY_UIMainStoryboardFile = Main;
				INFOPLIST_KEY_UISupportedInterfaceOrientations_iPad = "UIInterfaceOrientationPortrait UIInterfaceOrientationPortraitUpsideDown UIInterfaceOrientationLandscapeLeft UIInterfaceOrientationLandscapeRight";
				INFOPLIST_KEY_UISupportedInterfaceOrientations_iPhone = "UIInterfaceOrientationPortrait UIInterfaceOrientationLandscapeLeft UIInterfaceOrientationLandscapeRight";
				LD_RUNPATH_SEARCH_PATHS = (
					"$(inherited)",
					"@executable_path/Frameworks",
				);
				MARKETING_VERSION = 1.0;
				PRODUCT_BUNDLE_IDENTIFIER = dhanush.Panda;
				PRODUCT_NAME = "$(TARGET_NAME)";
				SWIFT_EMIT_LOC_STRINGS = YES;
				SWIFT_VERSION = 5.0;
				TARGETED_DEVICE_FAMILY = "1,2";
			};
			name = Debug;
		};
		5182851F28FBF4CD006BBA11 /* Release */ = {
			isa = XCBuildConfiguration;
			buildSettings = {
				ASSETCATALOG_COMPILER_APPICON_NAME = AppIcon;
				ASSETCATALOG_COMPILER_GLOBAL_ACCENT_COLOR_NAME = AccentColor;
				CODE_SIGN_STYLE = Automatic;
				CURRENT_PROJECT_VERSION = 1;
				DEVELOPMENT_TEAM = RRX4QSNXBA;
				GENERATE_INFOPLIST_FILE = YES;
				INFOPLIST_FILE = Panda/Info.plist;
				INFOPLIST_KEY_UIApplicationSupportsIndirectInputEvents = YES;
				INFOPLIST_KEY_UILaunchStoryboardName = LaunchScreen;
				INFOPLIST_KEY_UIMainStoryboardFile = Main;
				INFOPLIST_KEY_UISupportedInterfaceOrientations_iPad = "UIInterfaceOrientationPortrait UIInterfaceOrientationPortraitUpsideDown UIInterfaceOrientationLandscapeLeft UIInterfaceOrientationLandscapeRight";
				INFOPLIST_KEY_UISupportedInterfaceOrientations_iPhone = "UIInterfaceOrientationPortrait UIInterfaceOrientationLandscapeLeft UIInterfaceOrientationLandscapeRight";
				LD_RUNPATH_SEARCH_PATHS = (
					"$(inherited)",
					"@executable_path/Frameworks",
				);
				MARKETING_VERSION = 1.0;
				PRODUCT_BUNDLE_IDENTIFIER = dhanush.Panda;
				PRODUCT_NAME = "$(TARGET_NAME)";
				SWIFT_EMIT_LOC_STRINGS = YES;
				SWIFT_VERSION = 5.0;
				TARGETED_DEVICE_FAMILY = "1,2";
			};
			name = Release;
		};
		5182852128FBF4CD006BBA11 /* Debug */ = {
			isa = XCBuildConfiguration;
			buildSettings = {
				ALWAYS_EMBED_SWIFT_STANDARD_LIBRARIES = YES;
				BUNDLE_LOADER = "$(TEST_HOST)";
				CODE_SIGN_STYLE = Automatic;
				CURRENT_PROJECT_VERSION = 1;
				DEVELOPMENT_TEAM = RRX4QSNXBA;
				GENERATE_INFOPLIST_FILE = YES;
				IPHONEOS_DEPLOYMENT_TARGET = 16.0;
				MARKETING_VERSION = 1.0;
				PRODUCT_BUNDLE_IDENTIFIER = dhanush.PandaTests;
				PRODUCT_NAME = "$(TARGET_NAME)";
				SWIFT_EMIT_LOC_STRINGS = NO;
				SWIFT_VERSION = 5.0;
				TARGETED_DEVICE_FAMILY = "1,2";
				TEST_HOST = "$(BUILT_PRODUCTS_DIR)/Panda.app/$(BUNDLE_EXECUTABLE_FOLDER_PATH)/Panda";
			};
			name = Debug;
		};
		5182852228FBF4CD006BBA11 /* Release */ = {
			isa = XCBuildConfiguration;
			buildSettings = {
				ALWAYS_EMBED_SWIFT_STANDARD_LIBRARIES = YES;
				BUNDLE_LOADER = "$(TEST_HOST)";
				CODE_SIGN_STYLE = Automatic;
				CURRENT_PROJECT_VERSION = 1;
				DEVELOPMENT_TEAM = RRX4QSNXBA;
				GENERATE_INFOPLIST_FILE = YES;
				IPHONEOS_DEPLOYMENT_TARGET = 16.0;
				MARKETING_VERSION = 1.0;
				PRODUCT_BUNDLE_IDENTIFIER = dhanush.PandaTests;
				PRODUCT_NAME = "$(TARGET_NAME)";
				SWIFT_EMIT_LOC_STRINGS = NO;
				SWIFT_VERSION = 5.0;
				TARGETED_DEVICE_FAMILY = "1,2";
				TEST_HOST = "$(BUILT_PRODUCTS_DIR)/Panda.app/$(BUNDLE_EXECUTABLE_FOLDER_PATH)/Panda";
			};
			name = Release;
		};
		5182852428FBF4CD006BBA11 /* Debug */ = {
			isa = XCBuildConfiguration;
			buildSettings = {
				ALWAYS_EMBED_SWIFT_STANDARD_LIBRARIES = YES;
				CODE_SIGN_STYLE = Automatic;
				CURRENT_PROJECT_VERSION = 1;
				DEVELOPMENT_TEAM = RRX4QSNXBA;
				GENERATE_INFOPLIST_FILE = YES;
				MARKETING_VERSION = 1.0;
				PRODUCT_BUNDLE_IDENTIFIER = dhanush.PandaUITests;
				PRODUCT_NAME = "$(TARGET_NAME)";
				SWIFT_EMIT_LOC_STRINGS = NO;
				SWIFT_VERSION = 5.0;
				TARGETED_DEVICE_FAMILY = "1,2";
				TEST_TARGET_NAME = Panda;
			};
			name = Debug;
		};
		5182852528FBF4CD006BBA11 /* Release */ = {
			isa = XCBuildConfiguration;
			buildSettings = {
				ALWAYS_EMBED_SWIFT_STANDARD_LIBRARIES = YES;
				CODE_SIGN_STYLE = Automatic;
				CURRENT_PROJECT_VERSION = 1;
				DEVELOPMENT_TEAM = RRX4QSNXBA;
				GENERATE_INFOPLIST_FILE = YES;
				MARKETING_VERSION = 1.0;
				PRODUCT_BUNDLE_IDENTIFIER = dhanush.PandaUITests;
				PRODUCT_NAME = "$(TARGET_NAME)";
				SWIFT_EMIT_LOC_STRINGS = NO;
				SWIFT_VERSION = 5.0;
				TARGETED_DEVICE_FAMILY = "1,2";
				TEST_TARGET_NAME = Panda;
			};
			name = Release;
		};
/* End XCBuildConfiguration section */

/* Begin XCConfigurationList section */
		518284EE28FBF4CC006BBA11 /* Build configuration list for PBXProject "Panda" */ = {
			isa = XCConfigurationList;
			buildConfigurations = (
				5182851B28FBF4CD006BBA11 /* Debug */,
				5182851C28FBF4CD006BBA11 /* Release */,
			);
			defaultConfigurationIsVisible = 0;
			defaultConfigurationName = Release;
		};
		5182851D28FBF4CD006BBA11 /* Build configuration list for PBXNativeTarget "Panda" */ = {
			isa = XCConfigurationList;
			buildConfigurations = (
				5182851E28FBF4CD006BBA11 /* Debug */,
				5182851F28FBF4CD006BBA11 /* Release */,
			);
			defaultConfigurationIsVisible = 0;
			defaultConfigurationName = Release;
		};
		5182852028FBF4CD006BBA11 /* Build configuration list for PBXNativeTarget "PandaTests" */ = {
			isa = XCConfigurationList;
			buildConfigurations = (
				5182852128FBF4CD006BBA11 /* Debug */,
				5182852228FBF4CD006BBA11 /* Release */,
			);
			defaultConfigurationIsVisible = 0;
			defaultConfigurationName = Release;
		};
		5182852328FBF4CD006BBA11 /* Build configuration list for PBXNativeTarget "PandaUITests" */ = {
			isa = XCConfigurationList;
			buildConfigurations = (
				5182852428FBF4CD006BBA11 /* Debug */,
				5182852528FBF4CD006BBA11 /* Release */,
			);
			defaultConfigurationIsVisible = 0;
			defaultConfigurationName = Release;
		};
/* End XCConfigurationList section */
	};
	rootObject = 518284EB28FBF4CC006BBA11 /* Project object */;
}
